
Microsoft Visual Studio Solution File, Format Version 12.00
# Visual Studio Version 16
VisualStudioVersion = 16.0.30804.86
MinimumVisualStudioVersion = 10.0.40219.1
Project("{FAE04EC0-301F-11D3-BF4B-00C04F79EFBC}") = "Backend", "Backend\Backend.csproj", "{EDD5F545-3BEE-4BC9-ABA5-DB3378702F13}"
EndProject
Global
	GlobalSection(SolutionConfigurationPlatforms) = preSolution
		Debug|Any CPU = Debug|Any CPU
		Release|Any CPU = Release|Any CPU
	EndGlobalSection
	GlobalSection(ProjectConfigurationPlatforms) = postSolution
		{EDD5F545-3BEE-4BC9-ABA5-DB3378702F13}.Debug|Any CPU.ActiveCfg = Debug|Any CPU
		{EDD5F545-3BEE-4BC9-ABA5-DB3378702F13}.Debug|Any CPU.Build.0 = Debug|Any CPU
		{EDD5F545-3BEE-4BC9-ABA5-DB3378702F13}.Release|Any CPU.ActiveCfg = Release|Any CPU
		{EDD5F545-3BEE-4BC9-ABA5-DB3378702F13}.Release|Any CPU.Build.0 = Release|Any CPU
	EndGlobalSection
	GlobalSection(SolutionProperties) = preSolution
		HideSolutionNode = FALSE
	EndGlobalSection
	GlobalSection(ExtensibilityGlobals) = postSolution
		SolutionGuid = {E5A9D7FB-F709-47C6-9AA8-3D7E3A3A877C}
	EndGlobalSection
EndGlobal
